
Microsoft Visual Studio Solution File, Format Version 12.00
# Visual Studio Version 17
VisualStudioVersion = 17.10.34916.146
MinimumVisualStudioVersion = 10.0.40219.1
Project("{FAE04EC0-301F-11D3-BF4B-00C04F79EFBC}") = "NguyenDinhManh_2019603690_proj52", "NguyenDinhManh_2019603690_proj52\NguyenDinhManh_2019603690_proj52.csproj", "{0625554B-D635-4A30-AA6C-17D9C4C56636}"
EndProject
Project("{FAE04EC0-301F-11D3-BF4B-00C04F79EFBC}") = "Bai2", "Bai2\Bai2.csproj", "{0B9AB110-DB53-4C63-A762-D54CA7AEBC8A}"
EndProject
Global
	GlobalSection(SolutionConfigurationPlatforms) = preSolution
		Debug|Any CPU = Debug|Any CPU
		Release|Any CPU = Release|Any CPU
	EndGlobalSection
	GlobalSection(ProjectConfigurationPlatforms) = postSolution
		{0625554B-D635-4A30-AA6C-17D9C4C56636}.Debug|Any CPU.ActiveCfg = Debug|Any CPU
		{0625554B-D635-4A30-AA6C-17D9C4C56636}.Debug|Any CPU.Build.0 = Debug|Any CPU
		{0625554B-D635-4A30-AA6C-17D9C4C56636}.Release|Any CPU.ActiveCfg = Release|Any CPU
		{0625554B-D635-4A30-AA6C-17D9C4C56636}.Release|Any CPU.Build.0 = Release|Any CPU
		{0B9AB110-DB53-4C63-A762-D54CA7AEBC8A}.Debug|Any CPU.ActiveCfg = Debug|Any CPU
		{0B9AB110-DB53-4C63-A762-D54CA7AEBC8A}.Debug|Any CPU.Build.0 = Debug|Any CPU
		{0B9AB110-DB53-4C63-A762-D54CA7AEBC8A}.Release|Any CPU.ActiveCfg = Release|Any CPU
		{0B9AB110-DB53-4C63-A762-D54CA7AEBC8A}.Release|Any CPU.Build.0 = Release|Any CPU
	EndGlobalSection
	GlobalSection(SolutionProperties) = preSolution
		HideSolutionNode = FALSE
	EndGlobalSection
	GlobalSection(ExtensibilityGlobals) = postSolution
		SolutionGuid = {8E3085E2-03ED-4649-B26B-071737E07DD5}
	EndGlobalSection
EndGlobal
