
Microsoft Visual Studio Solution File, Format Version 12.00
# Visual Studio Version 17
VisualStudioVersion = 17.12.35521.163 d17.12
MinimumVisualStudioVersion = 10.0.40219.1
Project("{FAE04EC0-301F-11D3-BF4B-00C04F79EFBC}") = "NguyenDinhManh_690_16696", "NguyenDinhManh_690_16696.csproj", "{CBA89FA0-D75B-48EC-9C6D-72B81FAADED3}"
EndProject
Global
	GlobalSection(SolutionConfigurationPlatforms) = preSolution
		Debug|Any CPU = Debug|Any CPU
		Release|Any CPU = Release|Any CPU
	EndGlobalSection
	GlobalSection(ProjectConfigurationPlatforms) = postSolution
		{CBA89FA0-D75B-48EC-9C6D-72B81FAADED3}.Debug|Any CPU.ActiveCfg = Debug|Any CPU
		{CBA89FA0-D75B-48EC-9C6D-72B81FAADED3}.Debug|Any CPU.Build.0 = Debug|Any CPU
		{CBA89FA0-D75B-48EC-9C6D-72B81FAADED3}.Release|Any CPU.ActiveCfg = Release|Any CPU
		{CBA89FA0-D75B-48EC-9C6D-72B81FAADED3}.Release|Any CPU.Build.0 = Release|Any CPU
	EndGlobalSection
	GlobalSection(SolutionProperties) = preSolution
		HideSolutionNode = FALSE
	EndGlobalSection
EndGlobal
