
Microsoft Visual Studio Solution File, Format Version 12.00
# Visual Studio Version 17
VisualStudioVersion = 17.10.34916.146
MinimumVisualStudioVersion = 10.0.40219.1
Project("{9A19103F-16F7-4668-BE54-9A1E7A4F7556}") = "Bai9.1", "Bai9.1\Bai9.1.csproj", "{0E78C88C-F994-4252-A814-B3F7356B1299}"
EndProject
Project("{9A19103F-16F7-4668-BE54-9A1E7A4F7556}") = "Bai9.2", "Bai9.2\Bai9.2.csproj", "{47136AD0-8667-4A5A-AA3F-3947B6CAAA52}"
EndProject
Project("{9A19103F-16F7-4668-BE54-9A1E7A4F7556}") = "Bai9.3", "Bai9.3\Bai9.3.csproj", "{7434251E-8A65-4518-B5B1-24CDFF10276A}"
EndProject
Project("{9A19103F-16F7-4668-BE54-9A1E7A4F7556}") = "Bai9.4", "Bai9.4\Bai9.4.csproj", "{8B85D7E7-AC1B-4BB2-80B9-DA01FD5E7B09}"
EndProject
Project("{FAE04EC0-301F-11D3-BF4B-00C04F79EFBC}") = "Bai9.5", "Bai9.5\Bai9.5.csproj", "{D0F48F7B-44AD-48A1-91B7-C8A1A698EC97}"
EndProject
Global
	GlobalSection(SolutionConfigurationPlatforms) = preSolution
		Debug|Any CPU = Debug|Any CPU
		Release|Any CPU = Release|Any CPU
	EndGlobalSection
	GlobalSection(ProjectConfigurationPlatforms) = postSolution
		{0E78C88C-F994-4252-A814-B3F7356B1299}.Debug|Any CPU.ActiveCfg = Debug|Any CPU
		{0E78C88C-F994-4252-A814-B3F7356B1299}.Debug|Any CPU.Build.0 = Debug|Any CPU
		{0E78C88C-F994-4252-A814-B3F7356B1299}.Release|Any CPU.ActiveCfg = Release|Any CPU
		{0E78C88C-F994-4252-A814-B3F7356B1299}.Release|Any CPU.Build.0 = Release|Any CPU
		{47136AD0-8667-4A5A-AA3F-3947B6CAAA52}.Debug|Any CPU.ActiveCfg = Debug|Any CPU
		{47136AD0-8667-4A5A-AA3F-3947B6CAAA52}.Debug|Any CPU.Build.0 = Debug|Any CPU
		{47136AD0-8667-4A5A-AA3F-3947B6CAAA52}.Release|Any CPU.ActiveCfg = Release|Any CPU
		{47136AD0-8667-4A5A-AA3F-3947B6CAAA52}.Release|Any CPU.Build.0 = Release|Any CPU
		{7434251E-8A65-4518-B5B1-24CDFF10276A}.Debug|Any CPU.ActiveCfg = Debug|Any CPU
		{7434251E-8A65-4518-B5B1-24CDFF10276A}.Debug|Any CPU.Build.0 = Debug|Any CPU
		{7434251E-8A65-4518-B5B1-24CDFF10276A}.Release|Any CPU.ActiveCfg = Release|Any CPU
		{7434251E-8A65-4518-B5B1-24CDFF10276A}.Release|Any CPU.Build.0 = Release|Any CPU
		{8B85D7E7-AC1B-4BB2-80B9-DA01FD5E7B09}.Debug|Any CPU.ActiveCfg = Debug|Any CPU
		{8B85D7E7-AC1B-4BB2-80B9-DA01FD5E7B09}.Debug|Any CPU.Build.0 = Debug|Any CPU
		{8B85D7E7-AC1B-4BB2-80B9-DA01FD5E7B09}.Release|Any CPU.ActiveCfg = Release|Any CPU
		{8B85D7E7-AC1B-4BB2-80B9-DA01FD5E7B09}.Release|Any CPU.Build.0 = Release|Any CPU
		{D0F48F7B-44AD-48A1-91B7-C8A1A698EC97}.Debug|Any CPU.ActiveCfg = Debug|Any CPU
		{D0F48F7B-44AD-48A1-91B7-C8A1A698EC97}.Debug|Any CPU.Build.0 = Debug|Any CPU
		{D0F48F7B-44AD-48A1-91B7-C8A1A698EC97}.Release|Any CPU.ActiveCfg = Release|Any CPU
		{D0F48F7B-44AD-48A1-91B7-C8A1A698EC97}.Release|Any CPU.Build.0 = Release|Any CPU
	EndGlobalSection
	GlobalSection(SolutionProperties) = preSolution
		HideSolutionNode = FALSE
	EndGlobalSection
	GlobalSection(ExtensibilityGlobals) = postSolution
		SolutionGuid = {C5B4C9E9-5F89-464C-87C7-08A74210503A}
	EndGlobalSection
EndGlobal
