
Microsoft Visual Studio Solution File, Format Version 12.00
# Visual Studio Version 17
VisualStudioVersion = 17.10.34916.146
MinimumVisualStudioVersion = 10.0.40219.1
Project("{9A19103F-16F7-4668-BE54-9A1E7A4F7556}") = "Bai1", "Bai1\Bai1.csproj", "{83F8F89B-0EB3-4786-922E-3FACB5DFF98A}"
EndProject
Project("{9A19103F-16F7-4668-BE54-9A1E7A4F7556}") = "Bai2", "Bai2\Bai2.csproj", "{3CCB2DB3-819C-40F0-B5C1-0DCF03F79809}"
EndProject
Project("{9A19103F-16F7-4668-BE54-9A1E7A4F7556}") = "Bai3", "Bai3\Bai3.csproj", "{4A799528-08A7-48CF-B71F-1C509F399BB8}"
EndProject
Project("{9A19103F-16F7-4668-BE54-9A1E7A4F7556}") = "Bai4", "Bai4\Bai4.csproj", "{5F23D1A0-DD9D-45F7-8B6E-03AF64B71A7F}"
EndProject
Project("{9A19103F-16F7-4668-BE54-9A1E7A4F7556}") = "Bai5", "Bai5\Bai5.csproj", "{8360BB51-EEA1-484C-ACDF-73F5DBE23EA5}"
EndProject
Project("{9A19103F-16F7-4668-BE54-9A1E7A4F7556}") = "Bai6", "Bai6\Bai6.csproj", "{7BD2ABD3-C47E-45F9-9B26-08C4C2ADEDF9}"
EndProject
Project("{9A19103F-16F7-4668-BE54-9A1E7A4F7556}") = "Bai7", "Bai7\Bai7.csproj", "{E948B1E3-5067-405B-8B40-A3B4E4403A96}"
EndProject
Project("{9A19103F-16F7-4668-BE54-9A1E7A4F7556}") = "Bai8", "Bai8\Bai8.csproj", "{CE902B23-B478-41BD-B34D-5D47DBEFE2DF}"
EndProject
Project("{9A19103F-16F7-4668-BE54-9A1E7A4F7556}") = "Bai9", "Bai9\Bai9.csproj", "{87A97CD8-4A4E-443C-81B5-69EA01B7145A}"
EndProject
Project("{9A19103F-16F7-4668-BE54-9A1E7A4F7556}") = "Bai10", "Bai10\Bai10.csproj", "{9D6C96D8-1413-4617-88B9-D83A1936BCB2}"
EndProject
Project("{FAE04EC0-301F-11D3-BF4B-00C04F79EFBC}") = "BaiBoSungCa1", "BaiBoSungCa1\BaiBoSungCa1.csproj", "{D21B753A-8FED-4F98-A32C-CF94A87325DC}"
EndProject
Project("{FAE04EC0-301F-11D3-BF4B-00C04F79EFBC}") = "BaiBoSungCa2", "BaiBoSungCa2\BaiBoSungCa2.csproj", "{7DDDCF6D-8F7E-4E06-85AF-E131EA410A31}"
EndProject
Global
	GlobalSection(SolutionConfigurationPlatforms) = preSolution
		Debug|Any CPU = Debug|Any CPU
		Release|Any CPU = Release|Any CPU
	EndGlobalSection
	GlobalSection(ProjectConfigurationPlatforms) = postSolution
		{83F8F89B-0EB3-4786-922E-3FACB5DFF98A}.Debug|Any CPU.ActiveCfg = Debug|Any CPU
		{83F8F89B-0EB3-4786-922E-3FACB5DFF98A}.Debug|Any CPU.Build.0 = Debug|Any CPU
		{83F8F89B-0EB3-4786-922E-3FACB5DFF98A}.Release|Any CPU.ActiveCfg = Release|Any CPU
		{83F8F89B-0EB3-4786-922E-3FACB5DFF98A}.Release|Any CPU.Build.0 = Release|Any CPU
		{3CCB2DB3-819C-40F0-B5C1-0DCF03F79809}.Debug|Any CPU.ActiveCfg = Debug|Any CPU
		{3CCB2DB3-819C-40F0-B5C1-0DCF03F79809}.Debug|Any CPU.Build.0 = Debug|Any CPU
		{3CCB2DB3-819C-40F0-B5C1-0DCF03F79809}.Release|Any CPU.ActiveCfg = Release|Any CPU
		{3CCB2DB3-819C-40F0-B5C1-0DCF03F79809}.Release|Any CPU.Build.0 = Release|Any CPU
		{4A799528-08A7-48CF-B71F-1C509F399BB8}.Debug|Any CPU.ActiveCfg = Debug|Any CPU
		{4A799528-08A7-48CF-B71F-1C509F399BB8}.Debug|Any CPU.Build.0 = Debug|Any CPU
		{4A799528-08A7-48CF-B71F-1C509F399BB8}.Release|Any CPU.ActiveCfg = Release|Any CPU
		{4A799528-08A7-48CF-B71F-1C509F399BB8}.Release|Any CPU.Build.0 = Release|Any CPU
		{5F23D1A0-DD9D-45F7-8B6E-03AF64B71A7F}.Debug|Any CPU.ActiveCfg = Debug|Any CPU
		{5F23D1A0-DD9D-45F7-8B6E-03AF64B71A7F}.Debug|Any CPU.Build.0 = Debug|Any CPU
		{5F23D1A0-DD9D-45F7-8B6E-03AF64B71A7F}.Release|Any CPU.ActiveCfg = Release|Any CPU
		{5F23D1A0-DD9D-45F7-8B6E-03AF64B71A7F}.Release|Any CPU.Build.0 = Release|Any CPU
		{8360BB51-EEA1-484C-ACDF-73F5DBE23EA5}.Debug|Any CPU.ActiveCfg = Debug|Any CPU
		{8360BB51-EEA1-484C-ACDF-73F5DBE23EA5}.Debug|Any CPU.Build.0 = Debug|Any CPU
		{8360BB51-EEA1-484C-ACDF-73F5DBE23EA5}.Release|Any CPU.ActiveCfg = Release|Any CPU
		{8360BB51-EEA1-484C-ACDF-73F5DBE23EA5}.Release|Any CPU.Build.0 = Release|Any CPU
		{7BD2ABD3-C47E-45F9-9B26-08C4C2ADEDF9}.Debug|Any CPU.ActiveCfg = Debug|Any CPU
		{7BD2ABD3-C47E-45F9-9B26-08C4C2ADEDF9}.Debug|Any CPU.Build.0 = Debug|Any CPU
		{7BD2ABD3-C47E-45F9-9B26-08C4C2ADEDF9}.Release|Any CPU.ActiveCfg = Release|Any CPU
		{7BD2ABD3-C47E-45F9-9B26-08C4C2ADEDF9}.Release|Any CPU.Build.0 = Release|Any CPU
		{E948B1E3-5067-405B-8B40-A3B4E4403A96}.Debug|Any CPU.ActiveCfg = Debug|Any CPU
		{E948B1E3-5067-405B-8B40-A3B4E4403A96}.Debug|Any CPU.Build.0 = Debug|Any CPU
		{E948B1E3-5067-405B-8B40-A3B4E4403A96}.Release|Any CPU.ActiveCfg = Release|Any CPU
		{E948B1E3-5067-405B-8B40-A3B4E4403A96}.Release|Any CPU.Build.0 = Release|Any CPU
		{CE902B23-B478-41BD-B34D-5D47DBEFE2DF}.Debug|Any CPU.ActiveCfg = Debug|Any CPU
		{CE902B23-B478-41BD-B34D-5D47DBEFE2DF}.Debug|Any CPU.Build.0 = Debug|Any CPU
		{CE902B23-B478-41BD-B34D-5D47DBEFE2DF}.Release|Any CPU.ActiveCfg = Release|Any CPU
		{CE902B23-B478-41BD-B34D-5D47DBEFE2DF}.Release|Any CPU.Build.0 = Release|Any CPU
		{87A97CD8-4A4E-443C-81B5-69EA01B7145A}.Debug|Any CPU.ActiveCfg = Debug|Any CPU
		{87A97CD8-4A4E-443C-81B5-69EA01B7145A}.Debug|Any CPU.Build.0 = Debug|Any CPU
		{87A97CD8-4A4E-443C-81B5-69EA01B7145A}.Release|Any CPU.ActiveCfg = Release|Any CPU
		{87A97CD8-4A4E-443C-81B5-69EA01B7145A}.Release|Any CPU.Build.0 = Release|Any CPU
		{9D6C96D8-1413-4617-88B9-D83A1936BCB2}.Debug|Any CPU.ActiveCfg = Debug|Any CPU
		{9D6C96D8-1413-4617-88B9-D83A1936BCB2}.Debug|Any CPU.Build.0 = Debug|Any CPU
		{9D6C96D8-1413-4617-88B9-D83A1936BCB2}.Release|Any CPU.ActiveCfg = Release|Any CPU
		{9D6C96D8-1413-4617-88B9-D83A1936BCB2}.Release|Any CPU.Build.0 = Release|Any CPU
		{D21B753A-8FED-4F98-A32C-CF94A87325DC}.Debug|Any CPU.ActiveCfg = Debug|Any CPU
		{D21B753A-8FED-4F98-A32C-CF94A87325DC}.Debug|Any CPU.Build.0 = Debug|Any CPU
		{D21B753A-8FED-4F98-A32C-CF94A87325DC}.Release|Any CPU.ActiveCfg = Release|Any CPU
		{D21B753A-8FED-4F98-A32C-CF94A87325DC}.Release|Any CPU.Build.0 = Release|Any CPU
		{7DDDCF6D-8F7E-4E06-85AF-E131EA410A31}.Debug|Any CPU.ActiveCfg = Debug|Any CPU
		{7DDDCF6D-8F7E-4E06-85AF-E131EA410A31}.Debug|Any CPU.Build.0 = Debug|Any CPU
		{7DDDCF6D-8F7E-4E06-85AF-E131EA410A31}.Release|Any CPU.ActiveCfg = Release|Any CPU
		{7DDDCF6D-8F7E-4E06-85AF-E131EA410A31}.Release|Any CPU.Build.0 = Release|Any CPU
	EndGlobalSection
	GlobalSection(SolutionProperties) = preSolution
		HideSolutionNode = FALSE
	EndGlobalSection
	GlobalSection(ExtensibilityGlobals) = postSolution
		SolutionGuid = {4D6AD87D-5797-4B68-88BD-2BDFDB042E1C}
	EndGlobalSection
EndGlobal
